
Microsoft Visual Studio Solution File, Format Version 12.00
# Visual Studio Version 17
VisualStudioVersion = 17.7.34009.444
MinimumVisualStudioVersion = 10.0.40219.1
Project("{888888A0-9F3D-457C-B088-3A5042F75D52}") = "Workshop7", "Workshop7.pyproj", "{F96F1AE0-F957-4F28-8778-E82E3EAC549A}"
EndProject
Global
	GlobalSection(SolutionConfigurationPlatforms) = preSolution
		Debug|Any CPU = Debug|Any CPU
		Release|Any CPU = Release|Any CPU
	EndGlobalSection
	GlobalSection(ProjectConfigurationPlatforms) = postSolution
		{F96F1AE0-F957-4F28-8778-E82E3EAC549A}.Debug|Any CPU.ActiveCfg = Debug|Any CPU
		{F96F1AE0-F957-4F28-8778-E82E3EAC549A}.Release|Any CPU.ActiveCfg = Release|Any CPU
	EndGlobalSection
	GlobalSection(SolutionProperties) = preSolution
		HideSolutionNode = FALSE
	EndGlobalSection
	GlobalSection(ExtensibilityGlobals) = postSolution
		SolutionGuid = {2345FA74-8C33-41B7-80CA-16CF0AB8F9DD}
	EndGlobalSection
EndGlobal
