
Microsoft Visual Studio Solution File, Format Version 12.00
# Visual Studio Version 17
VisualStudioVersion = 17.7.34009.444
MinimumVisualStudioVersion = 10.0.40219.1
Project("{8BC9CEB8-8B4A-11D0-8D11-00A0C91BC942}") = "w1p2", "w1p2.vcxproj", "{004EFDD9-7369-440B-9028-13524507FB1A}"
EndProject
Global
	GlobalSection(SolutionConfigurationPlatforms) = preSolution
		Debug|x64 = Debug|x64
		Debug|x86 = Debug|x86
		Release|x64 = Release|x64
		Release|x86 = Release|x86
	EndGlobalSection
	GlobalSection(ProjectConfigurationPlatforms) = postSolution
		{004EFDD9-7369-440B-9028-13524507FB1A}.Debug|x64.ActiveCfg = Debug|x64
		{004EFDD9-7369-440B-9028-13524507FB1A}.Debug|x64.Build.0 = Debug|x64
		{004EFDD9-7369-440B-9028-13524507FB1A}.Debug|x86.ActiveCfg = Debug|Win32
		{004EFDD9-7369-440B-9028-13524507FB1A}.Debug|x86.Build.0 = Debug|Win32
		{004EFDD9-7369-440B-9028-13524507FB1A}.Release|x64.ActiveCfg = Release|x64
		{004EFDD9-7369-440B-9028-13524507FB1A}.Release|x64.Build.0 = Release|x64
		{004EFDD9-7369-440B-9028-13524507FB1A}.Release|x86.ActiveCfg = Release|Win32
		{004EFDD9-7369-440B-9028-13524507FB1A}.Release|x86.Build.0 = Release|Win32
	EndGlobalSection
	GlobalSection(SolutionProperties) = preSolution
		HideSolutionNode = FALSE
	EndGlobalSection
	GlobalSection(ExtensibilityGlobals) = postSolution
		SolutionGuid = {F96F180E-60D7-4A5F-9703-B58603AE61C1}
	EndGlobalSection
EndGlobal
